// !$*UTF8*$!
{
	archiveVersion = 1;
	classes = {
	};
	objectVersion = 46;
	objects = {

/* Begin PBXBuildFile section */
		C61C11A31D99A48200BCD57C /* AppDelegate.swift in Sources */ = {isa = PBXBuildFile; fileRef = C61C11A21D99A48200BCD57C /* AppDelegate.swift */; };
		C61C11A51D99A48200BCD57C /* MasterViewController.swift in Sources */ = {isa = PBXBuildFile; fileRef = C61C11A41D99A48200BCD57C /* MasterViewController.swift */; };
		C61C11A71D99A48200BCD57C /* DetailViewController.swift in Sources */ = {isa = PBXBuildFile; fileRef = C61C11A61D99A48200BCD57C /* DetailViewController.swift */; };
		C61C11AA1D99A48200BCD57C /* Main.storyboard in Resources */ = {isa = PBXBuildFile; fileRef = C61C11A81D99A48200BCD57C /* Main.storyboard */; };
		C61C11AC1D99A48200BCD57C /* Images.xcassets in Resources */ = {isa = PBXBuildFile; fileRef = C61C11AB1D99A48200BCD57C /* Images.xcassets */; };
		C61C11AF1D99A48200BCD57C /* LaunchScreen.xib in Resources */ = {isa = PBXBuildFile; fileRef = C61C11AD1D99A48200BCD57C /* LaunchScreen.xib */; };
		C61C11BB1D99A48200BCD57C /* TimeCalibratorTests.swift in Sources */ = {isa = PBXBuildFile; fileRef = C61C11BA1D99A48200BCD57C /* TimeCalibratorTests.swift */; };
/* End PBXBuildFile section */

/* Begin PBXContainerItemProxy section */
		C61C11B51D99A48200BCD57C /* PBXContainerItemProxy */ = {
			isa = PBXContainerItemProxy;
			containerPortal = C61C11951D99A48200BCD57C /* Project object */;
			proxyType = 1;
			remoteGlobalIDString = C61C119C1D99A48200BCD57C;
			remoteInfo = TimeCalibrator;
		};
/* End PBXContainerItemProxy section */

/* Begin PBXFileReference section */
		C61C119D1D99A48200BCD57C /* TimeCalibrator.app */ = {isa = PBXFileReference; explicitFileType = wrapper.application; includeInIndex = 0; path = TimeCalibrator.app; sourceTree = BUILT_PRODUCTS_DIR; };
		C61C11A11D99A48200BCD57C /* Info.plist */ = {isa = PBXFileReference; lastKnownFileType = text.plist.xml; path = Info.plist; sourceTree = "<group>"; };
		C61C11A21D99A48200BCD57C /* AppDelegate.swift */ = {isa = PBXFileReference; lastKnownFileType = sourcecode.swift; path = AppDelegate.swift; sourceTree = "<group>"; };
		C61C11A41D99A48200BCD57C /* MasterViewController.swift */ = {isa = PBXFileReference; lastKnownFileType = sourcecode.swift; path = MasterViewController.swift; sourceTree = "<group>"; };
		C61C11A61D99A48200BCD57C /* DetailViewController.swift */ = {isa = PBXFileReference; lastKnownFileType = sourcecode.swift; path = DetailViewController.swift; sourceTree = "<group>"; };
		C61C11A91D99A48200BCD57C /* Base */ = {isa = PBXFileReference; lastKnownFileType = file.storyboard; name = Base; path = Base.lproj/Main.storyboard; sourceTree = "<group>"; };
		C61C11AB1D99A48200BCD57C /* Images.xcassets */ = {isa = PBXFileReference; lastKnownFileType = folder.assetcatalog; path = Images.xcassets; sourceTree = "<group>"; };
		C61C11AE1D99A48200BCD57C /* Base */ = {isa = PBXFileReference; lastKnownFileType = file.xib; name = Base; path = Base.lproj/LaunchScreen.xib; sourceTree = "<group>"; };
		C61C11B41D99A48200BCD57C /* TimeCalibratorTests.xctest */ = {isa = PBXFileReference; explicitFileType = wrapper.cfbundle; includeInIndex = 0; path = TimeCalibratorTests.xctest; sourceTree = BUILT_PRODUCTS_DIR; };
		C61C11B91D99A48200BCD57C /* Info.plist */ = {isa = PBXFileReference; lastKnownFileType = text.plist.xml; path = Info.plist; sourceTree = "<group>"; };
		C61C11BA1D99A48200BCD57C /* TimeCalibratorTests.swift */ = {isa = PBXFileReference; lastKnownFileType = sourcecode.swift; path = TimeCalibratorTests.swift; sourceTree = "<group>"; };
/* End PBXFileReference section */

/* Begin PBXFrameworksBuildPhase section */
		C61C119A1D99A48200BCD57C /* Frameworks */ = {
			isa = PBXFrameworksBuildPhase;
			buildActionMask = 2147483647;
			files = (
			);
			runOnlyForDeploymentPostprocessing = 0;
		};
		C61C11B11D99A48200BCD57C /* Frameworks */ = {
			isa = PBXFrameworksBuildPhase;
			buildActionMask = 2147483647;
			files = (
			);
			runOnlyForDeploymentPostprocessing = 0;
		};
/* End PBXFrameworksBuildPhase section */

/* Begin PBXGroup section */
		C61C11941D99A48200BCD57C = {
			isa = PBXGroup;
			children = (
				C61C119F1D99A48200BCD57C /* TimeCalibrator */,
				C61C11B71D99A48200BCD57C /* TimeCalibratorTests */,
				C61C119E1D99A48200BCD57C /* Products */,
			);
			sourceTree = "<group>";
		};
		C61C119E1D99A48200BCD57C /* Products */ = {
			isa = PBXGroup;
			children = (
				C61C119D1D99A48200BCD57C /* TimeCalibrator.app */,
				C61C11B41D99A48200BCD57C /* TimeCalibratorTests.xctest */,
			);
			name = Products;
			sourceTree = "<group>";
		};
		C61C119F1D99A48200BCD57C /* TimeCalibrator */ = {
			isa = PBXGroup;
			children = (
				C61C11A21D99A48200BCD57C /* AppDelegate.swift */,
				C61C11A41D99A48200BCD57C /* MasterViewController.swift */,
				C61C11A61D99A48200BCD57C /* DetailViewController.swift */,
				C61C11A81D99A48200BCD57C /* Main.storyboard */,
				C61C11AB1D99A48200BCD57C /* Images.xcassets */,
				C61C11AD1D99A48200BCD57C /* LaunchScreen.xib */,
				C61C11A01D99A48200BCD57C /* Supporting Files */,
			);
			path = TimeCalibrator;
			sourceTree = "<group>";
		};
		C61C11A01D99A48200BCD57C /* Supporting Files */ = {
			isa = PBXGroup;
			children = (
				C61C11A11D99A48200BCD57C /* Info.plist */,
			);
			name = "Supporting Files";
			sourceTree = "<group>";
		};
		C61C11B71D99A48200BCD57C /* TimeCalibratorTests */ = {
			isa = PBXGroup;
			children = (
				C61C11BA1D99A48200BCD57C /* TimeCalibratorTests.swift */,
				C61C11B81D99A48200BCD57C /* Supporting Files */,
			);
			path = TimeCalibratorTests;
			sourceTree = "<group>";
		};
		C61C11B81D99A48200BCD57C /* Supporting Files */ = {
			isa = PBXGroup;
			children = (
				C61C11B91D99A48200BCD57C /* Info.plist */,
			);
			name = "Supporting Files";
			sourceTree = "<group>";
		};
/* End PBXGroup section */

/* Begin PBXNativeTarget section */
		C61C119C1D99A48200BCD57C /* TimeCalibrator */ = {
			isa = PBXNativeTarget;
			buildConfigurationList = C61C11BE1D99A48200BCD57C /* Build configuration list for PBXNativeTarget "TimeCalibrator" */;
			buildPhases = (
				C61C11991D99A48200BCD57C /* Sources */,
				C61C119A1D99A48200BCD57C /* Frameworks */,
				C61C119B1D99A48200BCD57C /* Resources */,
			);
			buildRules = (
			);
			dependencies = (
			);
			name = TimeCalibrator;
			productName = TimeCalibrator;
			productReference = C61C119D1D99A48200BCD57C /* TimeCalibrator.app */;
			productType = "com.apple.product-type.application";
		};
		C61C11B31D99A48200BCD57C /* TimeCalibratorTests */ = {
			isa = PBXNativeTarget;
			buildConfigurationList = C61C11C11D99A48200BCD57C /* Build configuration list for PBXNativeTarget "TimeCalibratorTests" */;
			buildPhases = (
				C61C11B01D99A48200BCD57C /* Sources */,
				C61C11B11D99A48200BCD57C /* Frameworks */,
				C61C11B21D99A48200BCD57C /* Resources */,
			);
			buildRules = (
			);
			dependencies = (
				C61C11B61D99A48200BCD57C /* PBXTargetDependency */,
			);
			name = TimeCalibratorTests;
			productName = TimeCalibratorTests;
			productReference = C61C11B41D99A48200BCD57C /* TimeCalibratorTests.xctest */;
			productType = "com.apple.product-type.bundle.unit-test";
		};
/* End PBXNativeTarget section */

/* Begin PBXProject section */
		C61C11951D99A48200BCD57C /* Project object */ = {
			isa = PBXProject;
			attributes = {
				LastUpgradeCheck = 0630;
				ORGANIZATIONNAME = "Ramoji, Sudheer";
				TargetAttributes = {
					C61C119C1D99A48200BCD57C = {
						CreatedOnToolsVersion = 6.3.1;
					};
					C61C11B31D99A48200BCD57C = {
						CreatedOnToolsVersion = 6.3.1;
						TestTargetID = C61C119C1D99A48200BCD57C;
					};
				};
			};
			buildConfigurationList = C61C11981D99A48200BCD57C /* Build configuration list for PBXProject "TimeCalibrator" */;
			compatibilityVersion = "Xcode 3.2";
			developmentRegion = English;
			hasScannedForEncodings = 0;
			knownRegions = (
				en,
				Base,
			);
			mainGroup = C61C11941D99A48200BCD57C;
			productRefGroup = C61C119E1D99A48200BCD57C /* Products */;
			projectDirPath = "";
			projectRoot = "";
			targets = (
				C61C119C1D99A48200BCD57C /* TimeCalibrator */,
				C61C11B31D99A48200BCD57C /* TimeCalibratorTests */,
			);
		};
/* End PBXProject section */

/* Begin PBXResourcesBuildPhase section */
		C61C119B1D99A48200BCD57C /* Resources */ = {
			isa = PBXResourcesBuildPhase;
			buildActionMask = 2147483647;
			files = (
				C61C11AA1D99A48200BCD57C /* Main.storyboard in Resources */,
				C61C11AF1D99A48200BCD57C /* LaunchScreen.xib in Resources */,
				C61C11AC1D99A48200BCD57C /* Images.xcassets in Resources */,
			);
			runOnlyForDeploymentPostprocessing = 0;
		};
		C61C11B21D99A48200BCD57C /* Resources */ = {
			isa = PBXResourcesBuildPhase;
			buildActionMask = 2147483647;
			files = (
			);
			runOnlyForDeploymentPostprocessing = 0;
		};
/* End PBXResourcesBuildPhase section */

/* Begin PBXSourcesBuildPhase section */
		C61C11991D99A48200BCD57C /* Sources */ = {
			isa = PBXSourcesBuildPhase;
			buildActionMask = 2147483647;
			files = (
				C61C11A71D99A48200BCD57C /* DetailViewController.swift in Sources */,
				C61C11A51D99A48200BCD57C /* MasterViewController.swift in Sources */,
				C61C11A31D99A48200BCD57C /* AppDelegate.swift in Sources */,
			);
			runOnlyForDeploymentPostprocessing = 0;
		};
		C61C11B01D99A48200BCD57C /* Sources */ = {
			isa = PBXSourcesBuildPhase;
			buildActionMask = 2147483647;
			files = (
				C61C11BB1D99A48200BCD57C /* TimeCalibratorTests.swift in Sources */,
			);
			runOnlyForDeploymentPostprocessing = 0;
		};
/* End PBXSourcesBuildPhase section */

/* Begin PBXTargetDependency section */
		C61C11B61D99A48200BCD57C /* PBXTargetDependency */ = {
			isa = PBXTargetDependency;
			target = C61C119C1D99A48200BCD57C /* TimeCalibrator */;
			targetProxy = C61C11B51D99A48200BCD57C /* PBXContainerItemProxy */;
		};
/* End PBXTargetDependency section */

/* Begin PBXVariantGroup section */
		C61C11A81D99A48200BCD57C /* Main.storyboard */ = {
			isa = PBXVariantGroup;
			children = (
				C61C11A91D99A48200BCD57C /* Base */,
			);
			name = Main.storyboard;
			sourceTree = "<group>";
		};
		C61C11AD1D99A48200BCD57C /* LaunchScreen.xib */ = {
			isa = PBXVariantGroup;
			children = (
				C61C11AE1D99A48200BCD57C /* Base */,
			);
			name = LaunchScreen.xib;
			sourceTree = "<group>";
		};
/* End PBXVariantGroup section */

/* Begin XCBuildConfiguration section */
		C61C11BC1D99A48200BCD57C /* Debug */ = {
			isa = XCBuildConfiguration;
			buildSettings = {
				ALWAYS_SEARCH_USER_PATHS = NO;
				CLANG_CXX_LANGUAGE_STANDARD = "gnu++0x";
				CLANG_CXX_LIBRARY = "libc++";
				CLANG_ENABLE_MODULES = YES;
				CLANG_ENABLE_OBJC_ARC = YES;
				CLANG_WARN_BOOL_CONVERSION = YES;
				CLANG_WARN_CONSTANT_CONVERSION = YES;
				CLANG_WARN_DIRECT_OBJC_ISA_USAGE = YES_ERROR;
				CLANG_WARN_EMPTY_BODY = YES;
				CLANG_WARN_ENUM_CONVERSION = YES;
				CLANG_WARN_INT_CONVERSION = YES;
				CLANG_WARN_OBJC_ROOT_CLASS = YES_ERROR;
				CLANG_WARN_UNREACHABLE_CODE = YES;
				CLANG_WARN__DUPLICATE_METHOD_MATCH = YES;
				"CODE_SIGN_IDENTITY[sdk=iphoneos*]" = "iPhone Developer";
				COPY_PHASE_STRIP = NO;
				DEBUG_INFORMATION_FORMAT = "dwarf-with-dsym";
				ENABLE_STRICT_OBJC_MSGSEND = YES;
				GCC_C_LANGUAGE_STANDARD = gnu99;
				GCC_DYNAMIC_NO_PIC = NO;
				GCC_NO_COMMON_BLOCKS = YES;
				GCC_OPTIMIZATION_LEVEL = 0;
				GCC_PREPROCESSOR_DEFINITIONS = (
					"DEBUG=1",
					"$(inherited)",
				);
				GCC_SYMBOLS_PRIVATE_EXTERN = NO;
				GCC_WARN_64_TO_32_BIT_CONVERSION = YES;
				GCC_WARN_ABOUT_RETURN_TYPE = YES_ERROR;
				GCC_WARN_UNDECLARED_SELECTOR = YES;
				GCC_WARN_UNINITIALIZED_AUTOS = YES_AGGRESSIVE;
				GCC_WARN_UNUSED_FUNCTION = YES;
				GCC_WARN_UNUSED_VARIABLE = YES;
				IPHONEOS_DEPLOYMENT_TARGET = 8.3;
				MTL_ENABLE_DEBUG_INFO = YES;
				ONLY_ACTIVE_ARCH = YES;
				SDKROOT = iphoneos;
				SWIFT_OPTIMIZATION_LEVEL = "-Onone";
				TARGETED_DEVICE_FAMILY = "1,2";
			};
			name = Debug;
		};
		C61C11BD1D99A48200BCD57C /* Release */ = {
			isa = XCBuildConfiguration;
			buildSettings = {
				ALWAYS_SEARCH_USER_PATHS = NO;
				CLANG_CXX_LANGUAGE_STANDARD = "gnu++0x";
				CLANG_CXX_LIBRARY = "libc++";
				CLANG_ENABLE_MODULES = YES;
				CLANG_ENABLE_OBJC_ARC = YES;
				CLANG_WARN_BOOL_CONVERSION = YES;
				CLANG_WARN_CONSTANT_CONVERSION = YES;
				CLANG_WARN_DIRECT_OBJC_ISA_USAGE = YES_ERROR;
				CLANG_WARN_EMPTY_BODY = YES;
				CLANG_WARN_ENUM_CONVERSION = YES;
				CLANG_WARN_INT_CONVERSION = YES;
				CLANG_WARN_OBJC_ROOT_CLASS = YES_ERROR;
				CLANG_WARN_UNREACHABLE_CODE = YES;
				CLANG_WARN__DUPLICATE_METHOD_MATCH = YES;
				"CODE_SIGN_IDENTITY[sdk=iphoneos*]" = "iPhone Developer";
				COPY_PHASE_STRIP = NO;
				DEBUG_INFORMATION_FORMAT = "dwarf-with-dsym";
				ENABLE_NS_ASSERTIONS = NO;
				ENABLE_STRICT_OBJC_MSGSEND = YES;
				GCC_C_LANGUAGE_STANDARD = gnu99;
				GCC_NO_COMMON_BLOCKS = YES;
				GCC_WARN_64_TO_32_BIT_CONVERSION = YES;
				GCC_WARN_ABOUT_RETURN_TYPE = YES_ERROR;
				GCC_WARN_UNDECLARED_SELECTOR = YES;
				GCC_WARN_UNINITIALIZED_AUTOS = YES_AGGRESSIVE;
				GCC_WARN_UNUSED_FUNCTION = YES;
				GCC_WARN_UNUSED_VARIABLE = YES;
				IPHONEOS_DEPLOYMENT_TARGET = 8.3;
				MTL_ENABLE_DEBUG_INFO = NO;
				SDKROOT = iphoneos;
				TARGETED_DEVICE_FAMILY = "1,2";
				VALIDATE_PRODUCT = YES;
			};
			name = Release;
		};
		C61C11BF1D99A48200BCD57C /* Debug */ = {
			isa = XCBuildConfiguration;
			buildSettings = {
				ASSETCATALOG_COMPILER_APPICON_NAME = AppIcon;
				INFOPLIST_FILE = TimeCalibrator/Info.plist;
				LD_RUNPATH_SEARCH_PATHS = "$(inherited) @executable_path/Frameworks";
				PRODUCT_NAME = "$(TARGET_NAME)";
			};
			name = Debug;
		};
		C61C11C01D99A48200BCD57C /* Release */ = {
			isa = XCBuildConfiguration;
			buildSettings = {
				ASSETCATALOG_COMPILER_APPICON_NAME = AppIcon;
				INFOPLIST_FILE = TimeCalibrator/Info.plist;
				LD_RUNPATH_SEARCH_PATHS = "$(inherited) @executable_path/Frameworks";
				PRODUCT_NAME = "$(TARGET_NAME)";
			};
			name = Release;
		};
		C61C11C21D99A48200BCD57C /* Debug */ = {
			isa = XCBuildConfiguration;
			buildSettings = {
				BUNDLE_LOADER = "$(TEST_HOST)";
				FRAMEWORK_SEARCH_PATHS = (
					"$(SDKROOT)/Developer/Library/Frameworks",
					"$(inherited)",
				);
				GCC_PREPROCESSOR_DEFINITIONS = (
					"DEBUG=1",
					"$(inherited)",
				);
				INFOPLIST_FILE = TimeCalibratorTests/Info.plist;
				LD_RUNPATH_SEARCH_PATHS = "$(inherited) @executable_path/Frameworks @loader_path/Frameworks";
				PRODUCT_NAME = "$(TARGET_NAME)";
				TEST_HOST = "$(BUILT_PRODUCTS_DIR)/TimeCalibrator.app/TimeCalibrator";
			};
			name = Debug;
		};
		C61C11C31D99A48200BCD57C /* Release */ = {
			isa = XCBuildConfiguration;
			buildSettings = {
				BUNDLE_LOADER = "$(TEST_HOST)";
				FRAMEWORK_SEARCH_PATHS = (
					"$(SDKROOT)/Developer/Library/Frameworks",
					"$(inherited)",
				);
				INFOPLIST_FILE = TimeCalibratorTests/Info.plist;
				LD_RUNPATH_SEARCH_PATHS = "$(inherited) @executable_path/Frameworks @loader_path/Frameworks";
				PRODUCT_NAME = "$(TARGET_NAME)";
				TEST_HOST = "$(BUILT_PRODUCTS_DIR)/TimeCalibrator.app/TimeCalibrator";
			};
			name = Release;
		};
/* End XCBuildConfiguration section */

/* Begin XCConfigurationList section */
		C61C11981D99A48200BCD57C /* Build configuration list for PBXProject "TimeCalibrator" */ = {
			isa = XCConfigurationList;
			buildConfigurations = (
				C61C11BC1D99A48200BCD57C /* Debug */,
				C61C11BD1D99A48200BCD57C /* Release */,
			);
			defaultConfigurationIsVisible = 0;
			defaultConfigurationName = Release;
		};
		C61C11BE1D99A48200BCD57C /* Build configuration list for PBXNativeTarget "TimeCalibrator" */ = {
			isa = XCConfigurationList;
			buildConfigurations = (
				C61C11BF1D99A48200BCD57C /* Debug */,
				C61C11C01D99A48200BCD57C /* Release */,
			);
			defaultConfigurationIsVisible = 0;
		};
		C61C11C11D99A48200BCD57C /* Build configuration list for PBXNativeTarget "TimeCalibratorTests" */ = {
			isa = XCConfigurationList;
			buildConfigurations = (
				C61C11C21D99A48200BCD57C /* Debug */,
				C61C11C31D99A48200BCD57C /* Release */,
			);
			defaultConfigurationIsVisible = 0;
		};
/* End XCConfigurationList section */
	};
	rootObject = C61C11951D99A48200BCD57C /* Project object */;
}
